
Microsoft Visual Studio Solution File, Format Version 12.00
# Visual Studio Version 17
VisualStudioVersion = 17.6.33815.320
MinimumVisualStudioVersion = 10.0.40219.1
Project("{9A19103F-16F7-4668-BE54-9A1E7A4F7556}") = "WebApi", "src\WebApi\WebApi.csproj", "{0C11AFAF-70BC-4F06-A22A-0276C4CE243B}"
EndProject
Project("{9A19103F-16F7-4668-BE54-9A1E7A4F7556}") = "Application", "src\Application\Application.csproj", "{C0C13939-89D0-4A3A-8964-7EFEFF38DF3B}"
EndProject
Project("{2150E333-8FDC-42A3-9474-1A3956D46DE8}") = "Itens de Solução", "Itens de Solução", "{85A1BF24-A1E1-42D6-89E8-CC5090968196}"
	ProjectSection(SolutionItems) = preProject
		..\azure-pipelines.yml = ..\azure-pipelines.yml
	EndProjectSection
EndProject
Global
	GlobalSection(SolutionConfigurationPlatforms) = preSolution
		Debug|Any CPU = Debug|Any CPU
		Release|Any CPU = Release|Any CPU
	EndGlobalSection
	GlobalSection(ProjectConfigurationPlatforms) = postSolution
		{0C11AFAF-70BC-4F06-A22A-0276C4CE243B}.Debug|Any CPU.ActiveCfg = Debug|Any CPU
		{0C11AFAF-70BC-4F06-A22A-0276C4CE243B}.Debug|Any CPU.Build.0 = Debug|Any CPU
		{0C11AFAF-70BC-4F06-A22A-0276C4CE243B}.Release|Any CPU.ActiveCfg = Release|Any CPU
		{0C11AFAF-70BC-4F06-A22A-0276C4CE243B}.Release|Any CPU.Build.0 = Release|Any CPU
		{C0C13939-89D0-4A3A-8964-7EFEFF38DF3B}.Debug|Any CPU.ActiveCfg = Debug|Any CPU
		{C0C13939-89D0-4A3A-8964-7EFEFF38DF3B}.Debug|Any CPU.Build.0 = Debug|Any CPU
		{C0C13939-89D0-4A3A-8964-7EFEFF38DF3B}.Release|Any CPU.ActiveCfg = Release|Any CPU
		{C0C13939-89D0-4A3A-8964-7EFEFF38DF3B}.Release|Any CPU.Build.0 = Release|Any CPU
	EndGlobalSection
	GlobalSection(SolutionProperties) = preSolution
		HideSolutionNode = FALSE
	EndGlobalSection
	GlobalSection(ExtensibilityGlobals) = postSolution
		SolutionGuid = {D24863B5-1ED0-4968-AFEB-EE91810D29DA}
	EndGlobalSection
EndGlobal
